
Microsoft Visual Studio Solution File, Format Version 12.00
# Visual Studio Version 17
VisualStudioVersion = 17.4.33213.308
MinimumVisualStudioVersion = 10.0.40219.1
Project("{FAE04EC0-301F-11D3-BF4B-00C04F79EFBC}") = "PDC03_MOD04.Android", "PDC03_MOD04\PDC03_MOD04.Android\PDC03_MOD04.Android.csproj", "{CFEF8564-EF17-4207-8F2D-21E55BF4ECC4}"
EndProject
Project("{FAE04EC0-301F-11D3-BF4B-00C04F79EFBC}") = "PDC03_MOD04", "PDC03_MOD04\PDC03_MOD04\PDC03_MOD04.csproj", "{72BCD65D-FE41-498E-90C3-A6B7F8850EED}"
EndProject
Global
	GlobalSection(SolutionConfigurationPlatforms) = preSolution
		Debug|Any CPU = Debug|Any CPU
		Release|Any CPU = Release|Any CPU
	EndGlobalSection
	GlobalSection(ProjectConfigurationPlatforms) = postSolution
		{CFEF8564-EF17-4207-8F2D-21E55BF4ECC4}.Debug|Any CPU.ActiveCfg = Debug|Any CPU
		{CFEF8564-EF17-4207-8F2D-21E55BF4ECC4}.Debug|Any CPU.Build.0 = Debug|Any CPU
		{CFEF8564-EF17-4207-8F2D-21E55BF4ECC4}.Debug|Any CPU.Deploy.0 = Debug|Any CPU
		{CFEF8564-EF17-4207-8F2D-21E55BF4ECC4}.Release|Any CPU.ActiveCfg = Release|Any CPU
		{CFEF8564-EF17-4207-8F2D-21E55BF4ECC4}.Release|Any CPU.Build.0 = Release|Any CPU
		{CFEF8564-EF17-4207-8F2D-21E55BF4ECC4}.Release|Any CPU.Deploy.0 = Release|Any CPU
		{72BCD65D-FE41-498E-90C3-A6B7F8850EED}.Debug|Any CPU.ActiveCfg = Debug|Any CPU
		{72BCD65D-FE41-498E-90C3-A6B7F8850EED}.Debug|Any CPU.Build.0 = Debug|Any CPU
		{72BCD65D-FE41-498E-90C3-A6B7F8850EED}.Debug|Any CPU.Deploy.0 = Debug|Any CPU
		{72BCD65D-FE41-498E-90C3-A6B7F8850EED}.Release|Any CPU.ActiveCfg = Release|Any CPU
		{72BCD65D-FE41-498E-90C3-A6B7F8850EED}.Release|Any CPU.Build.0 = Release|Any CPU
		{72BCD65D-FE41-498E-90C3-A6B7F8850EED}.Release|Any CPU.Deploy.0 = Release|Any CPU
	EndGlobalSection
	GlobalSection(SolutionProperties) = preSolution
		HideSolutionNode = FALSE
	EndGlobalSection
	GlobalSection(ExtensibilityGlobals) = postSolution
		SolutionGuid = {818C3F10-2D6F-45B4-ACBB-8715B8811135}
	EndGlobalSection
EndGlobal
